
Microsoft Visual Studio Solution File, Format Version 12.00
# Visual Studio 15
VisualStudioVersion = 15.0.28307.1022
MinimumVisualStudioVersion = 10.0.40219.1
Project("{8BC9CEB8-8B4A-11D0-8D11-00A0C91BC942}") = "Task2", "Task2\Task2.vcxproj", "{114F11D9-C697-429B-BE8D-DACEDB5F6B2F}"
EndProject
Global
	GlobalSection(SolutionConfigurationPlatforms) = preSolution
		Debug|x64 = Debug|x64
		Debug|x86 = Debug|x86
		Release|x64 = Release|x64
		Release|x86 = Release|x86
	EndGlobalSection
	GlobalSection(ProjectConfigurationPlatforms) = postSolution
		{114F11D9-C697-429B-BE8D-DACEDB5F6B2F}.Debug|x64.ActiveCfg = Debug|x64
		{114F11D9-C697-429B-BE8D-DACEDB5F6B2F}.Debug|x64.Build.0 = Debug|x64
		{114F11D9-C697-429B-BE8D-DACEDB5F6B2F}.Debug|x86.ActiveCfg = Debug|Win32
		{114F11D9-C697-429B-BE8D-DACEDB5F6B2F}.Debug|x86.Build.0 = Debug|Win32
		{114F11D9-C697-429B-BE8D-DACEDB5F6B2F}.Release|x64.ActiveCfg = Release|x64
		{114F11D9-C697-429B-BE8D-DACEDB5F6B2F}.Release|x64.Build.0 = Release|x64
		{114F11D9-C697-429B-BE8D-DACEDB5F6B2F}.Release|x86.ActiveCfg = Release|Win32
		{114F11D9-C697-429B-BE8D-DACEDB5F6B2F}.Release|x86.Build.0 = Release|Win32
	EndGlobalSection
	GlobalSection(SolutionProperties) = preSolution
		HideSolutionNode = FALSE
	EndGlobalSection
	GlobalSection(ExtensibilityGlobals) = postSolution
		SolutionGuid = {3C8BF19C-1658-433F-8051-307E6B81D475}
	EndGlobalSection
EndGlobal
